
Microsoft Visual Studio Solution File, Format Version 12.00
# Visual Studio Version 16
VisualStudioVersion = 16.0.32929.386
MinimumVisualStudioVersion = 10.0.40219.1
Project("{FAE04EC0-301F-11D3-BF4B-00C04F79EFBC}") = "To_DoList", "To_DoList\To_DoList.csproj", "{E573F157-EFEA-4C99-9685-9ED37D4CEF46}"
EndProject
Global
	GlobalSection(SolutionConfigurationPlatforms) = preSolution
		Debug|Any CPU = Debug|Any CPU
		Release|Any CPU = Release|Any CPU
	EndGlobalSection
	GlobalSection(ProjectConfigurationPlatforms) = postSolution
		{E573F157-EFEA-4C99-9685-9ED37D4CEF46}.Debug|Any CPU.ActiveCfg = Debug|Any CPU
		{E573F157-EFEA-4C99-9685-9ED37D4CEF46}.Debug|Any CPU.Build.0 = Debug|Any CPU
		{E573F157-EFEA-4C99-9685-9ED37D4CEF46}.Release|Any CPU.ActiveCfg = Release|Any CPU
		{E573F157-EFEA-4C99-9685-9ED37D4CEF46}.Release|Any CPU.Build.0 = Release|Any CPU
	EndGlobalSection
	GlobalSection(SolutionProperties) = preSolution
		HideSolutionNode = FALSE
	EndGlobalSection
	GlobalSection(ExtensibilityGlobals) = postSolution
		SolutionGuid = {7E23FB61-7811-4644-8667-A11DBF3C76DB}
	EndGlobalSection
EndGlobal
